
Microsoft Visual Studio Solution File, Format Version 12.00
# Visual Studio 15
VisualStudioVersion = 15.0.28307.421
MinimumVisualStudioVersion = 10.0.40219.1
Project("{2150E333-8FDC-42A3-9474-1A3956D46DE8}") = "Services", "Services", "{C7010452-AB22-4F87-8EC0-005384125A70}"
EndProject
Project("{2150E333-8FDC-42A3-9474-1A3956D46DE8}") = "Personnel", "Personnel", "{455AD8A1-E971-474D-B436-6395359650F8}"
EndProject
Project("{9A19103F-16F7-4668-BE54-9A1E7A4F7556}") = "PersonnelApi", "Services\Personnel\PersonnelApi\PersonnelApi.csproj", "{0DC0F3EE-089D-471B-9444-9E0EE95C9861}"
EndProject
Project("{E53339B2-1760-4266-BCC7-CA923CBCF16C}") = "docker-compose", "docker-compose.dcproj", "{C4BB4C68-7A24-4ADC-926C-8EE5BEC04743}"
EndProject
Project("{2150E333-8FDC-42A3-9474-1A3956D46DE8}") = "WebApps", "WebApps", "{50A77CC8-D5ED-4E07-9612-C36BD47A23B4}"
EndProject
Project("{9A19103F-16F7-4668-BE54-9A1E7A4F7556}") = "AngularSPA", "WebApps\AngularSPA\AngularSPA.csproj", "{86BBEB78-4303-415C-A7BC-F75BEB4AABA0}"
EndProject
Project("{2150E333-8FDC-42A3-9474-1A3956D46DE8}") = "Common", "Common", "{F5EE985C-4D3B-43D9-9A8D-2E8698177CF0}"
EndProject
Project("{2150E333-8FDC-42A3-9474-1A3956D46DE8}") = "Events", "Events", "{2A5698F3-A45B-422F-8FBD-7B8153A77F26}"
EndProject
Project("{9A19103F-16F7-4668-BE54-9A1E7A4F7556}") = "Helpers", "Common\Helpers\Helpers.csproj", "{B62EA901-B0B9-4DEA-9D92-02E2887FAD91}"
EndProject
Project("{9A19103F-16F7-4668-BE54-9A1E7A4F7556}") = "EventBus", "Common\Events\EventBus\EventBus.csproj", "{50A29BAB-C64B-4770-906D-61F096229F4A}"
EndProject
Project("{9A19103F-16F7-4668-BE54-9A1E7A4F7556}") = "EventBusRabbitMQ", "Common\Events\EventBusRabbitMQ\EventBusRabbitMQ.csproj", "{90AF522D-39EB-4974-8D23-805FB1AFD8AC}"
EndProject
Project("{2150E333-8FDC-42A3-9474-1A3956D46DE8}") = "Registrar", "Registrar", "{1CA54738-2612-4EB4-9ED3-E8CFA72395A8}"
EndProject
Project("{FAE04EC0-301F-11D3-BF4B-00C04F79EFBC}") = "RegistrarApi", "Services\Registrar\RegistrarApi\RegistrarApi.csproj", "{60E31F19-09EF-4DD7-B131-DD7F0ED41EC8}"
EndProject
Global
	GlobalSection(SolutionConfigurationPlatforms) = preSolution
		Debug|Any CPU = Debug|Any CPU
		Release|Any CPU = Release|Any CPU
	EndGlobalSection
	GlobalSection(ProjectConfigurationPlatforms) = postSolution
		{0DC0F3EE-089D-471B-9444-9E0EE95C9861}.Debug|Any CPU.ActiveCfg = Debug|Any CPU
		{0DC0F3EE-089D-471B-9444-9E0EE95C9861}.Debug|Any CPU.Build.0 = Debug|Any CPU
		{0DC0F3EE-089D-471B-9444-9E0EE95C9861}.Release|Any CPU.ActiveCfg = Release|Any CPU
		{0DC0F3EE-089D-471B-9444-9E0EE95C9861}.Release|Any CPU.Build.0 = Release|Any CPU
		{C4BB4C68-7A24-4ADC-926C-8EE5BEC04743}.Debug|Any CPU.ActiveCfg = Debug|Any CPU
		{C4BB4C68-7A24-4ADC-926C-8EE5BEC04743}.Debug|Any CPU.Build.0 = Debug|Any CPU
		{C4BB4C68-7A24-4ADC-926C-8EE5BEC04743}.Release|Any CPU.ActiveCfg = Release|Any CPU
		{C4BB4C68-7A24-4ADC-926C-8EE5BEC04743}.Release|Any CPU.Build.0 = Release|Any CPU
		{86BBEB78-4303-415C-A7BC-F75BEB4AABA0}.Debug|Any CPU.ActiveCfg = Debug|Any CPU
		{86BBEB78-4303-415C-A7BC-F75BEB4AABA0}.Debug|Any CPU.Build.0 = Debug|Any CPU
		{86BBEB78-4303-415C-A7BC-F75BEB4AABA0}.Release|Any CPU.ActiveCfg = Release|Any CPU
		{86BBEB78-4303-415C-A7BC-F75BEB4AABA0}.Release|Any CPU.Build.0 = Release|Any CPU
		{B62EA901-B0B9-4DEA-9D92-02E2887FAD91}.Debug|Any CPU.ActiveCfg = Debug|Any CPU
		{B62EA901-B0B9-4DEA-9D92-02E2887FAD91}.Debug|Any CPU.Build.0 = Debug|Any CPU
		{B62EA901-B0B9-4DEA-9D92-02E2887FAD91}.Release|Any CPU.ActiveCfg = Release|Any CPU
		{B62EA901-B0B9-4DEA-9D92-02E2887FAD91}.Release|Any CPU.Build.0 = Release|Any CPU
		{50A29BAB-C64B-4770-906D-61F096229F4A}.Debug|Any CPU.ActiveCfg = Debug|Any CPU
		{50A29BAB-C64B-4770-906D-61F096229F4A}.Debug|Any CPU.Build.0 = Debug|Any CPU
		{50A29BAB-C64B-4770-906D-61F096229F4A}.Release|Any CPU.ActiveCfg = Release|Any CPU
		{50A29BAB-C64B-4770-906D-61F096229F4A}.Release|Any CPU.Build.0 = Release|Any CPU
		{90AF522D-39EB-4974-8D23-805FB1AFD8AC}.Debug|Any CPU.ActiveCfg = Debug|Any CPU
		{90AF522D-39EB-4974-8D23-805FB1AFD8AC}.Debug|Any CPU.Build.0 = Debug|Any CPU
		{90AF522D-39EB-4974-8D23-805FB1AFD8AC}.Release|Any CPU.ActiveCfg = Release|Any CPU
		{90AF522D-39EB-4974-8D23-805FB1AFD8AC}.Release|Any CPU.Build.0 = Release|Any CPU
		{60E31F19-09EF-4DD7-B131-DD7F0ED41EC8}.Debug|Any CPU.ActiveCfg = Debug|Any CPU
		{60E31F19-09EF-4DD7-B131-DD7F0ED41EC8}.Debug|Any CPU.Build.0 = Debug|Any CPU
		{60E31F19-09EF-4DD7-B131-DD7F0ED41EC8}.Release|Any CPU.ActiveCfg = Release|Any CPU
		{60E31F19-09EF-4DD7-B131-DD7F0ED41EC8}.Release|Any CPU.Build.0 = Release|Any CPU
	EndGlobalSection
	GlobalSection(SolutionProperties) = preSolution
		HideSolutionNode = FALSE
	EndGlobalSection
	GlobalSection(NestedProjects) = preSolution
		{455AD8A1-E971-474D-B436-6395359650F8} = {C7010452-AB22-4F87-8EC0-005384125A70}
		{0DC0F3EE-089D-471B-9444-9E0EE95C9861} = {455AD8A1-E971-474D-B436-6395359650F8}
		{86BBEB78-4303-415C-A7BC-F75BEB4AABA0} = {50A77CC8-D5ED-4E07-9612-C36BD47A23B4}
		{2A5698F3-A45B-422F-8FBD-7B8153A77F26} = {F5EE985C-4D3B-43D9-9A8D-2E8698177CF0}
		{B62EA901-B0B9-4DEA-9D92-02E2887FAD91} = {F5EE985C-4D3B-43D9-9A8D-2E8698177CF0}
		{50A29BAB-C64B-4770-906D-61F096229F4A} = {2A5698F3-A45B-422F-8FBD-7B8153A77F26}
		{90AF522D-39EB-4974-8D23-805FB1AFD8AC} = {2A5698F3-A45B-422F-8FBD-7B8153A77F26}
		{1CA54738-2612-4EB4-9ED3-E8CFA72395A8} = {C7010452-AB22-4F87-8EC0-005384125A70}
		{60E31F19-09EF-4DD7-B131-DD7F0ED41EC8} = {1CA54738-2612-4EB4-9ED3-E8CFA72395A8}
	EndGlobalSection
	GlobalSection(ExtensibilityGlobals) = postSolution
		SolutionGuid = {864D41BC-2613-454F-A41E-DCD78BAD5583}
	EndGlobalSection
EndGlobal
